
Microsoft Visual Studio Solution File, Format Version 12.00
# Visual Studio 15
VisualStudioVersion = 15.0.28307.106
MinimumVisualStudioVersion = 10.0.40219.1
Project("{FAE04EC0-301F-11D3-BF4B-00C04F79EFBC}") = "XamaBook.Android", "XamaBook\XamaBook.Android\XamaBook.Android.csproj", "{6C310917-5E95-4D18-88C0-C280AD2ECAD5}"
EndProject
Project("{FAE04EC0-301F-11D3-BF4B-00C04F79EFBC}") = "XamaBook.iOS", "XamaBook\XamaBook.iOS\XamaBook.iOS.csproj", "{F21EC7EB-1B65-41B5-B3BC-7307A00A54E7}"
EndProject
Project("{FAE04EC0-301F-11D3-BF4B-00C04F79EFBC}") = "XamaBook", "XamaBook\XamaBook\XamaBook.csproj", "{9026737F-AD53-4848-BF88-D211D37DD083}"
EndProject
Global
	GlobalSection(SolutionConfigurationPlatforms) = preSolution
		Ad-Hoc|Any CPU = Ad-Hoc|Any CPU
		Ad-Hoc|iPhone = Ad-Hoc|iPhone
		Ad-Hoc|iPhoneSimulator = Ad-Hoc|iPhoneSimulator
		AppStore|Any CPU = AppStore|Any CPU
		AppStore|iPhone = AppStore|iPhone
		AppStore|iPhoneSimulator = AppStore|iPhoneSimulator
		Debug|Any CPU = Debug|Any CPU
		Debug|iPhone = Debug|iPhone
		Debug|iPhoneSimulator = Debug|iPhoneSimulator
		Release|Any CPU = Release|Any CPU
		Release|iPhone = Release|iPhone
		Release|iPhoneSimulator = Release|iPhoneSimulator
	EndGlobalSection
	GlobalSection(ProjectConfigurationPlatforms) = postSolution
		{6C310917-5E95-4D18-88C0-C280AD2ECAD5}.Ad-Hoc|Any CPU.ActiveCfg = Release|Any CPU
		{6C310917-5E95-4D18-88C0-C280AD2ECAD5}.Ad-Hoc|Any CPU.Build.0 = Release|Any CPU
		{6C310917-5E95-4D18-88C0-C280AD2ECAD5}.Ad-Hoc|Any CPU.Deploy.0 = Release|Any CPU
		{6C310917-5E95-4D18-88C0-C280AD2ECAD5}.Ad-Hoc|iPhone.ActiveCfg = Release|Any CPU
		{6C310917-5E95-4D18-88C0-C280AD2ECAD5}.Ad-Hoc|iPhone.Build.0 = Release|Any CPU
		{6C310917-5E95-4D18-88C0-C280AD2ECAD5}.Ad-Hoc|iPhone.Deploy.0 = Release|Any CPU
		{6C310917-5E95-4D18-88C0-C280AD2ECAD5}.Ad-Hoc|iPhoneSimulator.ActiveCfg = Release|Any CPU
		{6C310917-5E95-4D18-88C0-C280AD2ECAD5}.Ad-Hoc|iPhoneSimulator.Build.0 = Release|Any CPU
		{6C310917-5E95-4D18-88C0-C280AD2ECAD5}.Ad-Hoc|iPhoneSimulator.Deploy.0 = Release|Any CPU
		{6C310917-5E95-4D18-88C0-C280AD2ECAD5}.AppStore|Any CPU.ActiveCfg = Release|Any CPU
		{6C310917-5E95-4D18-88C0-C280AD2ECAD5}.AppStore|Any CPU.Build.0 = Release|Any CPU
		{6C310917-5E95-4D18-88C0-C280AD2ECAD5}.AppStore|Any CPU.Deploy.0 = Release|Any CPU
		{6C310917-5E95-4D18-88C0-C280AD2ECAD5}.AppStore|iPhone.ActiveCfg = Release|Any CPU
		{6C310917-5E95-4D18-88C0-C280AD2ECAD5}.AppStore|iPhone.Build.0 = Release|Any CPU
		{6C310917-5E95-4D18-88C0-C280AD2ECAD5}.AppStore|iPhone.Deploy.0 = Release|Any CPU
		{6C310917-5E95-4D18-88C0-C280AD2ECAD5}.AppStore|iPhoneSimulator.ActiveCfg = Release|Any CPU
		{6C310917-5E95-4D18-88C0-C280AD2ECAD5}.AppStore|iPhoneSimulator.Build.0 = Release|Any CPU
		{6C310917-5E95-4D18-88C0-C280AD2ECAD5}.AppStore|iPhoneSimulator.Deploy.0 = Release|Any CPU
		{6C310917-5E95-4D18-88C0-C280AD2ECAD5}.Debug|Any CPU.ActiveCfg = Debug|Any CPU
		{6C310917-5E95-4D18-88C0-C280AD2ECAD5}.Debug|Any CPU.Build.0 = Debug|Any CPU
		{6C310917-5E95-4D18-88C0-C280AD2ECAD5}.Debug|Any CPU.Deploy.0 = Debug|Any CPU
		{6C310917-5E95-4D18-88C0-C280AD2ECAD5}.Debug|iPhone.ActiveCfg = Debug|Any CPU
		{6C310917-5E95-4D18-88C0-C280AD2ECAD5}.Debug|iPhone.Build.0 = Debug|Any CPU
		{6C310917-5E95-4D18-88C0-C280AD2ECAD5}.Debug|iPhone.Deploy.0 = Debug|Any CPU
		{6C310917-5E95-4D18-88C0-C280AD2ECAD5}.Debug|iPhoneSimulator.ActiveCfg = Debug|Any CPU
		{6C310917-5E95-4D18-88C0-C280AD2ECAD5}.Debug|iPhoneSimulator.Build.0 = Debug|Any CPU
		{6C310917-5E95-4D18-88C0-C280AD2ECAD5}.Debug|iPhoneSimulator.Deploy.0 = Debug|Any CPU
		{6C310917-5E95-4D18-88C0-C280AD2ECAD5}.Release|Any CPU.ActiveCfg = Release|Any CPU
		{6C310917-5E95-4D18-88C0-C280AD2ECAD5}.Release|Any CPU.Build.0 = Release|Any CPU
		{6C310917-5E95-4D18-88C0-C280AD2ECAD5}.Release|Any CPU.Deploy.0 = Release|Any CPU
		{6C310917-5E95-4D18-88C0-C280AD2ECAD5}.Release|iPhone.ActiveCfg = Release|Any CPU
		{6C310917-5E95-4D18-88C0-C280AD2ECAD5}.Release|iPhone.Build.0 = Release|Any CPU
		{6C310917-5E95-4D18-88C0-C280AD2ECAD5}.Release|iPhone.Deploy.0 = Release|Any CPU
		{6C310917-5E95-4D18-88C0-C280AD2ECAD5}.Release|iPhoneSimulator.ActiveCfg = Release|Any CPU
		{6C310917-5E95-4D18-88C0-C280AD2ECAD5}.Release|iPhoneSimulator.Build.0 = Release|Any CPU
		{6C310917-5E95-4D18-88C0-C280AD2ECAD5}.Release|iPhoneSimulator.Deploy.0 = Release|Any CPU
		{F21EC7EB-1B65-41B5-B3BC-7307A00A54E7}.Ad-Hoc|Any CPU.ActiveCfg = Ad-Hoc|iPhone
		{F21EC7EB-1B65-41B5-B3BC-7307A00A54E7}.Ad-Hoc|Any CPU.Build.0 = Ad-Hoc|iPhone
		{F21EC7EB-1B65-41B5-B3BC-7307A00A54E7}.Ad-Hoc|Any CPU.Deploy.0 = Ad-Hoc|iPhone
		{F21EC7EB-1B65-41B5-B3BC-7307A00A54E7}.Ad-Hoc|iPhone.ActiveCfg = Ad-Hoc|iPhone
		{F21EC7EB-1B65-41B5-B3BC-7307A00A54E7}.Ad-Hoc|iPhone.Build.0 = Ad-Hoc|iPhone
		{F21EC7EB-1B65-41B5-B3BC-7307A00A54E7}.Ad-Hoc|iPhone.Deploy.0 = Ad-Hoc|iPhone
		{F21EC7EB-1B65-41B5-B3BC-7307A00A54E7}.Ad-Hoc|iPhoneSimulator.ActiveCfg = Ad-Hoc|iPhoneSimulator
		{F21EC7EB-1B65-41B5-B3BC-7307A00A54E7}.Ad-Hoc|iPhoneSimulator.Build.0 = Ad-Hoc|iPhoneSimulator
		{F21EC7EB-1B65-41B5-B3BC-7307A00A54E7}.Ad-Hoc|iPhoneSimulator.Deploy.0 = Ad-Hoc|iPhoneSimulator
		{F21EC7EB-1B65-41B5-B3BC-7307A00A54E7}.AppStore|Any CPU.ActiveCfg = AppStore|iPhone
		{F21EC7EB-1B65-41B5-B3BC-7307A00A54E7}.AppStore|Any CPU.Build.0 = AppStore|iPhone
		{F21EC7EB-1B65-41B5-B3BC-7307A00A54E7}.AppStore|Any CPU.Deploy.0 = AppStore|iPhone
		{F21EC7EB-1B65-41B5-B3BC-7307A00A54E7}.AppStore|iPhone.ActiveCfg = AppStore|iPhone
		{F21EC7EB-1B65-41B5-B3BC-7307A00A54E7}.AppStore|iPhone.Build.0 = AppStore|iPhone
		{F21EC7EB-1B65-41B5-B3BC-7307A00A54E7}.AppStore|iPhone.Deploy.0 = AppStore|iPhone
		{F21EC7EB-1B65-41B5-B3BC-7307A00A54E7}.AppStore|iPhoneSimulator.ActiveCfg = AppStore|iPhoneSimulator
		{F21EC7EB-1B65-41B5-B3BC-7307A00A54E7}.AppStore|iPhoneSimulator.Build.0 = AppStore|iPhoneSimulator
		{F21EC7EB-1B65-41B5-B3BC-7307A00A54E7}.AppStore|iPhoneSimulator.Deploy.0 = AppStore|iPhoneSimulator
		{F21EC7EB-1B65-41B5-B3BC-7307A00A54E7}.Debug|Any CPU.ActiveCfg = Debug|iPhoneSimulator
		{F21EC7EB-1B65-41B5-B3BC-7307A00A54E7}.Debug|Any CPU.Build.0 = Debug|iPhoneSimulator
		{F21EC7EB-1B65-41B5-B3BC-7307A00A54E7}.Debug|Any CPU.Deploy.0 = Debug|iPhoneSimulator
		{F21EC7EB-1B65-41B5-B3BC-7307A00A54E7}.Debug|iPhone.ActiveCfg = Debug|iPhone
		{F21EC7EB-1B65-41B5-B3BC-7307A00A54E7}.Debug|iPhone.Build.0 = Debug|iPhone
		{F21EC7EB-1B65-41B5-B3BC-7307A00A54E7}.Debug|iPhone.Deploy.0 = Debug|iPhone
		{F21EC7EB-1B65-41B5-B3BC-7307A00A54E7}.Debug|iPhoneSimulator.ActiveCfg = Debug|iPhoneSimulator
		{F21EC7EB-1B65-41B5-B3BC-7307A00A54E7}.Debug|iPhoneSimulator.Build.0 = Debug|iPhoneSimulator
		{F21EC7EB-1B65-41B5-B3BC-7307A00A54E7}.Debug|iPhoneSimulator.Deploy.0 = Debug|iPhoneSimulator
		{F21EC7EB-1B65-41B5-B3BC-7307A00A54E7}.Release|Any CPU.ActiveCfg = Release|iPhone
		{F21EC7EB-1B65-41B5-B3BC-7307A00A54E7}.Release|Any CPU.Build.0 = Release|iPhone
		{F21EC7EB-1B65-41B5-B3BC-7307A00A54E7}.Release|Any CPU.Deploy.0 = Release|iPhone
		{F21EC7EB-1B65-41B5-B3BC-7307A00A54E7}.Release|iPhone.ActiveCfg = Release|iPhone
		{F21EC7EB-1B65-41B5-B3BC-7307A00A54E7}.Release|iPhone.Build.0 = Release|iPhone
		{F21EC7EB-1B65-41B5-B3BC-7307A00A54E7}.Release|iPhone.Deploy.0 = Release|iPhone
		{F21EC7EB-1B65-41B5-B3BC-7307A00A54E7}.Release|iPhoneSimulator.ActiveCfg = Release|iPhoneSimulator
		{F21EC7EB-1B65-41B5-B3BC-7307A00A54E7}.Release|iPhoneSimulator.Build.0 = Release|iPhoneSimulator
		{F21EC7EB-1B65-41B5-B3BC-7307A00A54E7}.Release|iPhoneSimulator.Deploy.0 = Release|iPhoneSimulator
		{9026737F-AD53-4848-BF88-D211D37DD083}.Ad-Hoc|Any CPU.ActiveCfg = Debug|Any CPU
		{9026737F-AD53-4848-BF88-D211D37DD083}.Ad-Hoc|Any CPU.Build.0 = Debug|Any CPU
		{9026737F-AD53-4848-BF88-D211D37DD083}.Ad-Hoc|Any CPU.Deploy.0 = Debug|Any CPU
		{9026737F-AD53-4848-BF88-D211D37DD083}.Ad-Hoc|iPhone.ActiveCfg = Debug|Any CPU
		{9026737F-AD53-4848-BF88-D211D37DD083}.Ad-Hoc|iPhone.Build.0 = Debug|Any CPU
		{9026737F-AD53-4848-BF88-D211D37DD083}.Ad-Hoc|iPhone.Deploy.0 = Debug|Any CPU
		{9026737F-AD53-4848-BF88-D211D37DD083}.Ad-Hoc|iPhoneSimulator.ActiveCfg = Debug|Any CPU
		{9026737F-AD53-4848-BF88-D211D37DD083}.Ad-Hoc|iPhoneSimulator.Build.0 = Debug|Any CPU
		{9026737F-AD53-4848-BF88-D211D37DD083}.Ad-Hoc|iPhoneSimulator.Deploy.0 = Debug|Any CPU
		{9026737F-AD53-4848-BF88-D211D37DD083}.AppStore|Any CPU.ActiveCfg = Debug|Any CPU
		{9026737F-AD53-4848-BF88-D211D37DD083}.AppStore|Any CPU.Build.0 = Debug|Any CPU
		{9026737F-AD53-4848-BF88-D211D37DD083}.AppStore|Any CPU.Deploy.0 = Debug|Any CPU
		{9026737F-AD53-4848-BF88-D211D37DD083}.AppStore|iPhone.ActiveCfg = Debug|Any CPU
		{9026737F-AD53-4848-BF88-D211D37DD083}.AppStore|iPhone.Build.0 = Debug|Any CPU
		{9026737F-AD53-4848-BF88-D211D37DD083}.AppStore|iPhone.Deploy.0 = Debug|Any CPU
		{9026737F-AD53-4848-BF88-D211D37DD083}.AppStore|iPhoneSimulator.ActiveCfg = Debug|Any CPU
		{9026737F-AD53-4848-BF88-D211D37DD083}.AppStore|iPhoneSimulator.Build.0 = Debug|Any CPU
		{9026737F-AD53-4848-BF88-D211D37DD083}.AppStore|iPhoneSimulator.Deploy.0 = Debug|Any CPU
		{9026737F-AD53-4848-BF88-D211D37DD083}.Debug|Any CPU.ActiveCfg = Debug|Any CPU
		{9026737F-AD53-4848-BF88-D211D37DD083}.Debug|Any CPU.Build.0 = Debug|Any CPU
		{9026737F-AD53-4848-BF88-D211D37DD083}.Debug|Any CPU.Deploy.0 = Debug|Any CPU
		{9026737F-AD53-4848-BF88-D211D37DD083}.Debug|iPhone.ActiveCfg = Debug|Any CPU
		{9026737F-AD53-4848-BF88-D211D37DD083}.Debug|iPhone.Build.0 = Debug|Any CPU
		{9026737F-AD53-4848-BF88-D211D37DD083}.Debug|iPhone.Deploy.0 = Debug|Any CPU
		{9026737F-AD53-4848-BF88-D211D37DD083}.Debug|iPhoneSimulator.ActiveCfg = Debug|Any CPU
		{9026737F-AD53-4848-BF88-D211D37DD083}.Debug|iPhoneSimulator.Build.0 = Debug|Any CPU
		{9026737F-AD53-4848-BF88-D211D37DD083}.Debug|iPhoneSimulator.Deploy.0 = Debug|Any CPU
		{9026737F-AD53-4848-BF88-D211D37DD083}.Release|Any CPU.ActiveCfg = Release|Any CPU
		{9026737F-AD53-4848-BF88-D211D37DD083}.Release|Any CPU.Build.0 = Release|Any CPU
		{9026737F-AD53-4848-BF88-D211D37DD083}.Release|Any CPU.Deploy.0 = Release|Any CPU
		{9026737F-AD53-4848-BF88-D211D37DD083}.Release|iPhone.ActiveCfg = Release|Any CPU
		{9026737F-AD53-4848-BF88-D211D37DD083}.Release|iPhone.Build.0 = Release|Any CPU
		{9026737F-AD53-4848-BF88-D211D37DD083}.Release|iPhone.Deploy.0 = Release|Any CPU
		{9026737F-AD53-4848-BF88-D211D37DD083}.Release|iPhoneSimulator.ActiveCfg = Release|Any CPU
		{9026737F-AD53-4848-BF88-D211D37DD083}.Release|iPhoneSimulator.Build.0 = Release|Any CPU
		{9026737F-AD53-4848-BF88-D211D37DD083}.Release|iPhoneSimulator.Deploy.0 = Release|Any CPU
	EndGlobalSection
	GlobalSection(SolutionProperties) = preSolution
		HideSolutionNode = FALSE
	EndGlobalSection
	GlobalSection(ExtensibilityGlobals) = postSolution
		SolutionGuid = {E1F94C3D-FFBA-4846-9DA0-7A9AEEC93C34}
	EndGlobalSection
EndGlobal
